
Microsoft Visual Studio Solution File, Format Version 12.00
# Visual Studio 15
VisualStudioVersion = 15.0.28010.2036
MinimumVisualStudioVersion = 10.0.40219.1
Project("{FAE04EC0-301F-11D3-BF4B-00C04F79EFBC}") = "SheetLearner", "SheetLearner\SheetLearner.csproj", "{B4DE5E8C-B313-44A9-965F-CD8F6AB615AF}"
EndProject
Global
	GlobalSection(SolutionConfigurationPlatforms) = preSolution
		Debug|Any CPU = Debug|Any CPU
		Release|Any CPU = Release|Any CPU
	EndGlobalSection
	GlobalSection(ProjectConfigurationPlatforms) = postSolution
		{B4DE5E8C-B313-44A9-965F-CD8F6AB615AF}.Debug|Any CPU.ActiveCfg = Debug|Any CPU
		{B4DE5E8C-B313-44A9-965F-CD8F6AB615AF}.Debug|Any CPU.Build.0 = Debug|Any CPU
		{B4DE5E8C-B313-44A9-965F-CD8F6AB615AF}.Release|Any CPU.ActiveCfg = Release|Any CPU
		{B4DE5E8C-B313-44A9-965F-CD8F6AB615AF}.Release|Any CPU.Build.0 = Release|Any CPU
	EndGlobalSection
	GlobalSection(SolutionProperties) = preSolution
		HideSolutionNode = FALSE
	EndGlobalSection
	GlobalSection(ExtensibilityGlobals) = postSolution
		SolutionGuid = {275B49F0-DCA3-4D9B-AC4F-6A47EEB03DFB}
	EndGlobalSection
EndGlobal
