
Microsoft Visual Studio Solution File, Format Version 12.00
# Visual Studio Version 16
VisualStudioVersion = 16.0.28922.388
MinimumVisualStudioVersion = 10.0.40219.1
Project("{FAE04EC0-301F-11D3-BF4B-00C04F79EFBC}") = "SheetViews", "SheetViews\SheetViews.csproj", "{BD45650A-D3FD-40C2-ACFA-386FBA6FBFBD}"
EndProject
Project("{9A19103F-16F7-4668-BE54-9A1E7A4F7556}") = "AppCore", "AppCore\AppCore.csproj", "{C64D00A2-8B7A-40E3-920A-EBB73D64CD1F}"
EndProject
Project("{9A19103F-16F7-4668-BE54-9A1E7A4F7556}") = "LearnerViewModels", "LearnerViewModels\LearnerViewModels.csproj", "{14D5713F-1334-455C-8F84-B930B61504E1}"
EndProject
Project("{9A19103F-16F7-4668-BE54-9A1E7A4F7556}") = "SharedLibrariesCore", "CharedLibrariesCore\SharedLibrariesCore.csproj", "{8FEA4800-5002-487A-8473-1B4F15065838}"
EndProject
Project("{9A19103F-16F7-4668-BE54-9A1E7A4F7556}") = "NoteReaderInterfaces", "NoteReaderInterfaces\NoteReaderInterfaces.csproj", "{9545E6E5-07AA-4617-83DA-A27EAE89B1F8}"
EndProject
Project("{9A19103F-16F7-4668-BE54-9A1E7A4F7556}") = "MidiNoteReader", "NoteReaderCore\MidiNoteReader.csproj", "{E7C650FB-2299-4532-9C18-1E35A6833710}"
EndProject
Global
	GlobalSection(SolutionConfigurationPlatforms) = preSolution
		Debug|Any CPU = Debug|Any CPU
		Debug|x64 = Debug|x64
		Release|Any CPU = Release|Any CPU
		Release|x64 = Release|x64
	EndGlobalSection
	GlobalSection(ProjectConfigurationPlatforms) = postSolution
		{BD45650A-D3FD-40C2-ACFA-386FBA6FBFBD}.Debug|Any CPU.ActiveCfg = Debug|Any CPU
		{BD45650A-D3FD-40C2-ACFA-386FBA6FBFBD}.Debug|Any CPU.Build.0 = Debug|Any CPU
		{BD45650A-D3FD-40C2-ACFA-386FBA6FBFBD}.Debug|x64.ActiveCfg = Debug|x64
		{BD45650A-D3FD-40C2-ACFA-386FBA6FBFBD}.Debug|x64.Build.0 = Debug|x64
		{BD45650A-D3FD-40C2-ACFA-386FBA6FBFBD}.Release|Any CPU.ActiveCfg = Release|Any CPU
		{BD45650A-D3FD-40C2-ACFA-386FBA6FBFBD}.Release|Any CPU.Build.0 = Release|Any CPU
		{BD45650A-D3FD-40C2-ACFA-386FBA6FBFBD}.Release|x64.ActiveCfg = Release|x64
		{BD45650A-D3FD-40C2-ACFA-386FBA6FBFBD}.Release|x64.Build.0 = Release|x64
		{C64D00A2-8B7A-40E3-920A-EBB73D64CD1F}.Debug|Any CPU.ActiveCfg = Debug|x64
		{C64D00A2-8B7A-40E3-920A-EBB73D64CD1F}.Debug|x64.ActiveCfg = Debug|x64
		{C64D00A2-8B7A-40E3-920A-EBB73D64CD1F}.Debug|x64.Build.0 = Debug|x64
		{C64D00A2-8B7A-40E3-920A-EBB73D64CD1F}.Release|Any CPU.ActiveCfg = Release|x64
		{C64D00A2-8B7A-40E3-920A-EBB73D64CD1F}.Release|x64.ActiveCfg = Release|x64
		{C64D00A2-8B7A-40E3-920A-EBB73D64CD1F}.Release|x64.Build.0 = Release|x64
		{14D5713F-1334-455C-8F84-B930B61504E1}.Debug|Any CPU.ActiveCfg = Debug|x64
		{14D5713F-1334-455C-8F84-B930B61504E1}.Debug|x64.ActiveCfg = Debug|x64
		{14D5713F-1334-455C-8F84-B930B61504E1}.Debug|x64.Build.0 = Debug|x64
		{14D5713F-1334-455C-8F84-B930B61504E1}.Release|Any CPU.ActiveCfg = Release|x64
		{14D5713F-1334-455C-8F84-B930B61504E1}.Release|x64.ActiveCfg = Release|x64
		{14D5713F-1334-455C-8F84-B930B61504E1}.Release|x64.Build.0 = Release|x64
		{8FEA4800-5002-487A-8473-1B4F15065838}.Debug|Any CPU.ActiveCfg = Debug|x64
		{8FEA4800-5002-487A-8473-1B4F15065838}.Debug|x64.ActiveCfg = Debug|x64
		{8FEA4800-5002-487A-8473-1B4F15065838}.Debug|x64.Build.0 = Debug|x64
		{8FEA4800-5002-487A-8473-1B4F15065838}.Release|Any CPU.ActiveCfg = Release|x64
		{8FEA4800-5002-487A-8473-1B4F15065838}.Release|x64.ActiveCfg = Release|x64
		{8FEA4800-5002-487A-8473-1B4F15065838}.Release|x64.Build.0 = Release|x64
		{9545E6E5-07AA-4617-83DA-A27EAE89B1F8}.Debug|Any CPU.ActiveCfg = Debug|x64
		{9545E6E5-07AA-4617-83DA-A27EAE89B1F8}.Debug|x64.ActiveCfg = Debug|x64
		{9545E6E5-07AA-4617-83DA-A27EAE89B1F8}.Debug|x64.Build.0 = Debug|x64
		{9545E6E5-07AA-4617-83DA-A27EAE89B1F8}.Release|Any CPU.ActiveCfg = Release|x64
		{9545E6E5-07AA-4617-83DA-A27EAE89B1F8}.Release|x64.ActiveCfg = Release|x64
		{9545E6E5-07AA-4617-83DA-A27EAE89B1F8}.Release|x64.Build.0 = Release|x64
		{E7C650FB-2299-4532-9C18-1E35A6833710}.Debug|Any CPU.ActiveCfg = Debug|x64
		{E7C650FB-2299-4532-9C18-1E35A6833710}.Debug|x64.ActiveCfg = Debug|x64
		{E7C650FB-2299-4532-9C18-1E35A6833710}.Debug|x64.Build.0 = Debug|x64
		{E7C650FB-2299-4532-9C18-1E35A6833710}.Release|Any CPU.ActiveCfg = Release|x64
		{E7C650FB-2299-4532-9C18-1E35A6833710}.Release|x64.ActiveCfg = Release|x64
		{E7C650FB-2299-4532-9C18-1E35A6833710}.Release|x64.Build.0 = Release|x64
	EndGlobalSection
	GlobalSection(SolutionProperties) = preSolution
		HideSolutionNode = FALSE
	EndGlobalSection
	GlobalSection(ExtensibilityGlobals) = postSolution
		SolutionGuid = {275B49F0-DCA3-4D9B-AC4F-6A47EEB03DFB}
	EndGlobalSection
EndGlobal
