
Microsoft Visual Studio Solution File, Format Version 12.00
# Visual Studio 15
VisualStudioVersion = 15.0.28010.2036
MinimumVisualStudioVersion = 10.0.40219.1
Project("{FAE04EC0-301F-11D3-BF4B-00C04F79EFBC}") = "SheetLearner", "SheetLearner\SheetLearner.csproj", "{B4DE5E8C-B313-44A9-965F-CD8F6AB615AF}"
EndProject
Project("{FAE04EC0-301F-11D3-BF4B-00C04F79EFBC}") = "NoteReader", "SheetLearner\NoteReader\NoteReader.csproj", "{F583A8C8-E472-45AE-9123-3CE45F49CC3F}"
EndProject
Project("{FAE04EC0-301F-11D3-BF4B-00C04F79EFBC}") = "MVVMCore", "SheetLearner\MVVMCore\MVVMCore.csproj", "{0707E7C7-CA38-484F-A262-0774C61CC4BE}"
EndProject
Global
	GlobalSection(SolutionConfigurationPlatforms) = preSolution
		Debug|Any CPU = Debug|Any CPU
		Release|Any CPU = Release|Any CPU
	EndGlobalSection
	GlobalSection(ProjectConfigurationPlatforms) = postSolution
		{B4DE5E8C-B313-44A9-965F-CD8F6AB615AF}.Debug|Any CPU.ActiveCfg = Debug|Any CPU
		{B4DE5E8C-B313-44A9-965F-CD8F6AB615AF}.Debug|Any CPU.Build.0 = Debug|Any CPU
		{B4DE5E8C-B313-44A9-965F-CD8F6AB615AF}.Release|Any CPU.ActiveCfg = Release|Any CPU
		{B4DE5E8C-B313-44A9-965F-CD8F6AB615AF}.Release|Any CPU.Build.0 = Release|Any CPU
		{F583A8C8-E472-45AE-9123-3CE45F49CC3F}.Debug|Any CPU.ActiveCfg = Debug|Any CPU
		{F583A8C8-E472-45AE-9123-3CE45F49CC3F}.Debug|Any CPU.Build.0 = Debug|Any CPU
		{F583A8C8-E472-45AE-9123-3CE45F49CC3F}.Release|Any CPU.ActiveCfg = Release|Any CPU
		{F583A8C8-E472-45AE-9123-3CE45F49CC3F}.Release|Any CPU.Build.0 = Release|Any CPU
		{0707E7C7-CA38-484F-A262-0774C61CC4BE}.Debug|Any CPU.ActiveCfg = Debug|Any CPU
		{0707E7C7-CA38-484F-A262-0774C61CC4BE}.Debug|Any CPU.Build.0 = Debug|Any CPU
		{0707E7C7-CA38-484F-A262-0774C61CC4BE}.Release|Any CPU.ActiveCfg = Release|Any CPU
		{0707E7C7-CA38-484F-A262-0774C61CC4BE}.Release|Any CPU.Build.0 = Release|Any CPU
	EndGlobalSection
	GlobalSection(SolutionProperties) = preSolution
		HideSolutionNode = FALSE
	EndGlobalSection
	GlobalSection(ExtensibilityGlobals) = postSolution
		SolutionGuid = {275B49F0-DCA3-4D9B-AC4F-6A47EEB03DFB}
	EndGlobalSection
EndGlobal
